// !$*UTF8*$!
{
	archiveVersion = 1;
	classes = {
	};
	objectVersion = 46;
	objects = {

/* Begin PBXBuildFile section */
		348D674F1BB23E51008556F9 /* main.m in Sources */ = {isa = PBXBuildFile; fileRef = 348D674E1BB23E51008556F9 /* main.m */; };
		348D67521BB23E51008556F9 /* AppDelegate.m in Sources */ = {isa = PBXBuildFile; fileRef = 348D67511BB23E51008556F9 /* AppDelegate.m */; };
		348D67541BB23E51008556F9 /* Images.xcassets in Resources */ = {isa = PBXBuildFile; fileRef = 348D67531BB23E51008556F9 /* Images.xcassets */; };
		348D67571BB23E51008556F9 /* LaunchScreen.xib in Resources */ = {isa = PBXBuildFile; fileRef = 348D67551BB23E51008556F9 /* LaunchScreen.xib */; };
		348D67631BB23E51008556F9 /* Lesson16RequestTests.m in Sources */ = {isa = PBXBuildFile; fileRef = 348D67621BB23E51008556F9 /* Lesson16RequestTests.m */; };
		348D676E1BB240A8008556F9 /* MainTabBarController.m in Sources */ = {isa = PBXBuildFile; fileRef = 348D676D1BB240A8008556F9 /* MainTabBarController.m */; };
		348D67771BB241E4008556F9 /* GetViewController.m in Sources */ = {isa = PBXBuildFile; fileRef = 348D67761BB241E4008556F9 /* GetViewController.m */; };
		348D677A1BB24255008556F9 /* PostViewController.m in Sources */ = {isa = PBXBuildFile; fileRef = 348D67791BB24255008556F9 /* PostViewController.m */; };
		348D67801BB24BDC008556F9 /* tabbar_discover@2x.png in Resources */ = {isa = PBXBuildFile; fileRef = 348D677F1BB24BDC008556F9 /* tabbar_discover@2x.png */; };
		348D67821BB24BE1008556F9 /* tabbar_mainframe@2x.png in Resources */ = {isa = PBXBuildFile; fileRef = 348D67811BB24BE1008556F9 /* tabbar_mainframe@2x.png */; };
		348D67851BB258C4008556F9 /* Model.m in Sources */ = {isa = PBXBuildFile; fileRef = 348D67841BB258C4008556F9 /* Model.m */; };
		348D67881BB28FF8008556F9 /* imageViewController.m in Sources */ = {isa = PBXBuildFile; fileRef = 348D67871BB28FF8008556F9 /* imageViewController.m */; };
		348D678A1BB29173008556F9 /* qr_toolbar_more_hl@2x.png in Resources */ = {isa = PBXBuildFile; fileRef = 348D67891BB29173008556F9 /* qr_toolbar_more_hl@2x.png */; };
/* End PBXBuildFile section */

/* Begin PBXContainerItemProxy section */
		348D675D1BB23E51008556F9 /* PBXContainerItemProxy */ = {
			isa = PBXContainerItemProxy;
			containerPortal = 348D67411BB23E51008556F9 /* Project object */;
			proxyType = 1;
			remoteGlobalIDString = 348D67481BB23E51008556F9;
			remoteInfo = Lesson16Request;
		};
/* End PBXContainerItemProxy section */

/* Begin PBXFileReference section */
		348D67491BB23E51008556F9 /* Lesson16Request.app */ = {isa = PBXFileReference; explicitFileType = wrapper.application; includeInIndex = 0; path = Lesson16Request.app; sourceTree = BUILT_PRODUCTS_DIR; };
		348D674D1BB23E51008556F9 /* Info.plist */ = {isa = PBXFileReference; lastKnownFileType = text.plist.xml; path = Info.plist; sourceTree = "<group>"; };
		348D674E1BB23E51008556F9 /* main.m */ = {isa = PBXFileReference; lastKnownFileType = sourcecode.c.objc; path = main.m; sourceTree = "<group>"; };
		348D67501BB23E51008556F9 /* AppDelegate.h */ = {isa = PBXFileReference; lastKnownFileType = sourcecode.c.h; path = AppDelegate.h; sourceTree = "<group>"; };
		348D67511BB23E51008556F9 /* AppDelegate.m */ = {isa = PBXFileReference; lastKnownFileType = sourcecode.c.objc; path = AppDelegate.m; sourceTree = "<group>"; };
		348D67531BB23E51008556F9 /* Images.xcassets */ = {isa = PBXFileReference; lastKnownFileType = folder.assetcatalog; path = Images.xcassets; sourceTree = "<group>"; };
		348D67561BB23E51008556F9 /* Base */ = {isa = PBXFileReference; lastKnownFileType = file.xib; name = Base; path = Base.lproj/LaunchScreen.xib; sourceTree = "<group>"; };
		348D675C1BB23E51008556F9 /* Lesson16RequestTests.xctest */ = {isa = PBXFileReference; explicitFileType = wrapper.cfbundle; includeInIndex = 0; path = Lesson16RequestTests.xctest; sourceTree = BUILT_PRODUCTS_DIR; };
		348D67611BB23E51008556F9 /* Info.plist */ = {isa = PBXFileReference; lastKnownFileType = text.plist.xml; path = Info.plist; sourceTree = "<group>"; };
		348D67621BB23E51008556F9 /* Lesson16RequestTests.m */ = {isa = PBXFileReference; lastKnownFileType = sourcecode.c.objc; path = Lesson16RequestTests.m; sourceTree = "<group>"; };
		348D676C1BB240A8008556F9 /* MainTabBarController.h */ = {isa = PBXFileReference; fileEncoding = 4; lastKnownFileType = sourcecode.c.h; path = MainTabBarController.h; sourceTree = "<group>"; };
		348D676D1BB240A8008556F9 /* MainTabBarController.m */ = {isa = PBXFileReference; fileEncoding = 4; lastKnownFileType = sourcecode.c.objc; path = MainTabBarController.m; sourceTree = "<group>"; };
		348D67751BB241E4008556F9 /* GetViewController.h */ = {isa = PBXFileReference; fileEncoding = 4; lastKnownFileType = sourcecode.c.h; path = GetViewController.h; sourceTree = "<group>"; };
		348D67761BB241E4008556F9 /* GetViewController.m */ = {isa = PBXFileReference; fileEncoding = 4; lastKnownFileType = sourcecode.c.objc; path = GetViewController.m; sourceTree = "<group>"; };
		348D67781BB24255008556F9 /* PostViewController.h */ = {isa = PBXFileReference; fileEncoding = 4; lastKnownFileType = sourcecode.c.h; path = PostViewController.h; sourceTree = "<group>"; };
		348D67791BB24255008556F9 /* PostViewController.m */ = {isa = PBXFileReference; fileEncoding = 4; lastKnownFileType = sourcecode.c.objc; path = PostViewController.m; sourceTree = "<group>"; };
		348D677F1BB24BDC008556F9 /* tabbar_discover@2x.png */ = {isa = PBXFileReference; lastKnownFileType = image.png; name = "tabbar_discover@2x.png"; path = "../../../随图/TabBar素材/tabbar_discover@2x.png"; sourceTree = "<group>"; };
		348D67811BB24BE1008556F9 /* tabbar_mainframe@2x.png */ = {isa = PBXFileReference; lastKnownFileType = image.png; name = "tabbar_mainframe@2x.png"; path = "../../../随图/TabBar素材/tabbar_mainframe@2x.png"; sourceTree = "<group>"; };
		348D67831BB258C4008556F9 /* Model.h */ = {isa = PBXFileReference; fileEncoding = 4; lastKnownFileType = sourcecode.c.h; path = Model.h; sourceTree = "<group>"; };
		348D67841BB258C4008556F9 /* Model.m */ = {isa = PBXFileReference; fileEncoding = 4; lastKnownFileType = sourcecode.c.objc; path = Model.m; sourceTree = "<group>"; };
		348D67861BB28FF8008556F9 /* imageViewController.h */ = {isa = PBXFileReference; fileEncoding = 4; lastKnownFileType = sourcecode.c.h; path = imageViewController.h; sourceTree = "<group>"; };
		348D67871BB28FF8008556F9 /* imageViewController.m */ = {isa = PBXFileReference; fileEncoding = 4; lastKnownFileType = sourcecode.c.objc; path = imageViewController.m; sourceTree = "<group>"; };
		348D67891BB29173008556F9 /* qr_toolbar_more_hl@2x.png */ = {isa = PBXFileReference; lastKnownFileType = image.png; name = "qr_toolbar_more_hl@2x.png"; path = "../../../随图/TabBar素材/qr_toolbar_more_hl@2x.png"; sourceTree = "<group>"; };
/* End PBXFileReference section */

/* Begin PBXFrameworksBuildPhase section */
		348D67461BB23E51008556F9 /* Frameworks */ = {
			isa = PBXFrameworksBuildPhase;
			buildActionMask = 2147483647;
			files = (
			);
			runOnlyForDeploymentPostprocessing = 0;
		};
		348D67591BB23E51008556F9 /* Frameworks */ = {
			isa = PBXFrameworksBuildPhase;
			buildActionMask = 2147483647;
			files = (
			);
			runOnlyForDeploymentPostprocessing = 0;
		};
/* End PBXFrameworksBuildPhase section */

/* Begin PBXGroup section */
		348D67401BB23E51008556F9 = {
			isa = PBXGroup;
			children = (
				348D674B1BB23E51008556F9 /* Lesson16Request */,
				348D675F1BB23E51008556F9 /* Lesson16RequestTests */,
				348D674A1BB23E51008556F9 /* Products */,
			);
			sourceTree = "<group>";
		};
		348D674A1BB23E51008556F9 /* Products */ = {
			isa = PBXGroup;
			children = (
				348D67491BB23E51008556F9 /* Lesson16Request.app */,
				348D675C1BB23E51008556F9 /* Lesson16RequestTests.xctest */,
			);
			name = Products;
			sourceTree = "<group>";
		};
		348D674B1BB23E51008556F9 /* Lesson16Request */ = {
			isa = PBXGroup;
			children = (
				348D67501BB23E51008556F9 /* AppDelegate.h */,
				348D67511BB23E51008556F9 /* AppDelegate.m */,
				348D676C1BB240A8008556F9 /* MainTabBarController.h */,
				348D676D1BB240A8008556F9 /* MainTabBarController.m */,
				348D67751BB241E4008556F9 /* GetViewController.h */,
				348D67761BB241E4008556F9 /* GetViewController.m */,
				348D67831BB258C4008556F9 /* Model.h */,
				348D67841BB258C4008556F9 /* Model.m */,
				348D67781BB24255008556F9 /* PostViewController.h */,
				348D67791BB24255008556F9 /* PostViewController.m */,
				348D67861BB28FF8008556F9 /* imageViewController.h */,
				348D67871BB28FF8008556F9 /* imageViewController.m */,
				348D67531BB23E51008556F9 /* Images.xcassets */,
				348D67551BB23E51008556F9 /* LaunchScreen.xib */,
				348D674C1BB23E51008556F9 /* Supporting Files */,
			);
			path = Lesson16Request;
			sourceTree = "<group>";
		};
		348D674C1BB23E51008556F9 /* Supporting Files */ = {
			isa = PBXGroup;
			children = (
				348D67891BB29173008556F9 /* qr_toolbar_more_hl@2x.png */,
				348D67811BB24BE1008556F9 /* tabbar_mainframe@2x.png */,
				348D677F1BB24BDC008556F9 /* tabbar_discover@2x.png */,
				348D674D1BB23E51008556F9 /* Info.plist */,
				348D674E1BB23E51008556F9 /* main.m */,
			);
			name = "Supporting Files";
			sourceTree = "<group>";
		};
		348D675F1BB23E51008556F9 /* Lesson16RequestTests */ = {
			isa = PBXGroup;
			children = (
				348D67621BB23E51008556F9 /* Lesson16RequestTests.m */,
				348D67601BB23E51008556F9 /* Supporting Files */,
			);
			path = Lesson16RequestTests;
			sourceTree = "<group>";
		};
		348D67601BB23E51008556F9 /* Supporting Files */ = {
			isa = PBXGroup;
			children = (
				348D67611BB23E51008556F9 /* Info.plist */,
			);
			name = "Supporting Files";
			sourceTree = "<group>";
		};
/* End PBXGroup section */

/* Begin PBXNativeTarget section */
		348D67481BB23E51008556F9 /* Lesson16Request */ = {
			isa = PBXNativeTarget;
			buildConfigurationList = 348D67661BB23E51008556F9 /* Build configuration list for PBXNativeTarget "Lesson16Request" */;
			buildPhases = (
				348D67451BB23E51008556F9 /* Sources */,
				348D67461BB23E51008556F9 /* Frameworks */,
				348D67471BB23E51008556F9 /* Resources */,
			);
			buildRules = (
			);
			dependencies = (
			);
			name = Lesson16Request;
			productName = Lesson16Request;
			productReference = 348D67491BB23E51008556F9 /* Lesson16Request.app */;
			productType = "com.apple.product-type.application";
		};
		348D675B1BB23E51008556F9 /* Lesson16RequestTests */ = {
			isa = PBXNativeTarget;
			buildConfigurationList = 348D67691BB23E51008556F9 /* Build configuration list for PBXNativeTarget "Lesson16RequestTests" */;
			buildPhases = (
				348D67581BB23E51008556F9 /* Sources */,
				348D67591BB23E51008556F9 /* Frameworks */,
				348D675A1BB23E51008556F9 /* Resources */,
			);
			buildRules = (
			);
			dependencies = (
				348D675E1BB23E51008556F9 /* PBXTargetDependency */,
			);
			name = Lesson16RequestTests;
			productName = Lesson16RequestTests;
			productReference = 348D675C1BB23E51008556F9 /* Lesson16RequestTests.xctest */;
			productType = "com.apple.product-type.bundle.unit-test";
		};
/* End PBXNativeTarget section */

/* Begin PBXProject section */
		348D67411BB23E51008556F9 /* Project object */ = {
			isa = PBXProject;
			attributes = {
				LastUpgradeCheck = 0640;
				ORGANIZATIONNAME = "大爱海星星";
				TargetAttributes = {
					348D67481BB23E51008556F9 = {
						CreatedOnToolsVersion = 6.3.2;
					};
					348D675B1BB23E51008556F9 = {
						CreatedOnToolsVersion = 6.3.2;
						TestTargetID = 348D67481BB23E51008556F9;
					};
				};
			};
			buildConfigurationList = 348D67441BB23E51008556F9 /* Build configuration list for PBXProject "Lesson16Request" */;
			compatibilityVersion = "Xcode 3.2";
			developmentRegion = English;
			hasScannedForEncodings = 0;
			knownRegions = (
				en,
				Base,
			);
			mainGroup = 348D67401BB23E51008556F9;
			productRefGroup = 348D674A1BB23E51008556F9 /* Products */;
			projectDirPath = "";
			projectRoot = "";
			targets = (
				348D67481BB23E51008556F9 /* Lesson16Request */,
				348D675B1BB23E51008556F9 /* Lesson16RequestTests */,
			);
		};
/* End PBXProject section */

/* Begin PBXResourcesBuildPhase section */
		348D67471BB23E51008556F9 /* Resources */ = {
			isa = PBXResourcesBuildPhase;
			buildActionMask = 2147483647;
			files = (
				348D678A1BB29173008556F9 /* qr_toolbar_more_hl@2x.png in Resources */,
				348D67571BB23E51008556F9 /* LaunchScreen.xib in Resources */,
				348D67541BB23E51008556F9 /* Images.xcassets in Resources */,
				348D67801BB24BDC008556F9 /* tabbar_discover@2x.png in Resources */,
				348D67821BB24BE1008556F9 /* tabbar_mainframe@2x.png in Resources */,
			);
			runOnlyForDeploymentPostprocessing = 0;
		};
		348D675A1BB23E51008556F9 /* Resources */ = {
			isa = PBXResourcesBuildPhase;
			buildActionMask = 2147483647;
			files = (
			);
			runOnlyForDeploymentPostprocessing = 0;
		};
/* End PBXResourcesBuildPhase section */

/* Begin PBXSourcesBuildPhase section */
		348D67451BB23E51008556F9 /* Sources */ = {
			isa = PBXSourcesBuildPhase;
			buildActionMask = 2147483647;
			files = (
				348D67521BB23E51008556F9 /* AppDelegate.m in Sources */,
				348D67771BB241E4008556F9 /* GetViewController.m in Sources */,
				348D674F1BB23E51008556F9 /* main.m in Sources */,
				348D67851BB258C4008556F9 /* Model.m in Sources */,
				348D676E1BB240A8008556F9 /* MainTabBarController.m in Sources */,
				348D677A1BB24255008556F9 /* PostViewController.m in Sources */,
				348D67881BB28FF8008556F9 /* imageViewController.m in Sources */,
			);
			runOnlyForDeploymentPostprocessing = 0;
		};
		348D67581BB23E51008556F9 /* Sources */ = {
			isa = PBXSourcesBuildPhase;
			buildActionMask = 2147483647;
			files = (
				348D67631BB23E51008556F9 /* Lesson16RequestTests.m in Sources */,
			);
			runOnlyForDeploymentPostprocessing = 0;
		};
/* End PBXSourcesBuildPhase section */

/* Begin PBXTargetDependency section */
		348D675E1BB23E51008556F9 /* PBXTargetDependency */ = {
			isa = PBXTargetDependency;
			target = 348D67481BB23E51008556F9 /* Lesson16Request */;
			targetProxy = 348D675D1BB23E51008556F9 /* PBXContainerItemProxy */;
		};
/* End PBXTargetDependency section */

/* Begin PBXVariantGroup section */
		348D67551BB23E51008556F9 /* LaunchScreen.xib */ = {
			isa = PBXVariantGroup;
			children = (
				348D67561BB23E51008556F9 /* Base */,
			);
			name = LaunchScreen.xib;
			sourceTree = "<group>";
		};
/* End PBXVariantGroup section */

/* Begin XCBuildConfiguration section */
		348D67641BB23E51008556F9 /* Debug */ = {
			isa = XCBuildConfiguration;
			buildSettings = {
				ALWAYS_SEARCH_USER_PATHS = NO;
				CLANG_CXX_LANGUAGE_STANDARD = "gnu++0x";
				CLANG_CXX_LIBRARY = "libc++";
				CLANG_ENABLE_MODULES = YES;
				CLANG_ENABLE_OBJC_ARC = YES;
				CLANG_WARN_BOOL_CONVERSION = YES;
				CLANG_WARN_CONSTANT_CONVERSION = YES;
				CLANG_WARN_DIRECT_OBJC_ISA_USAGE = YES_ERROR;
				CLANG_WARN_EMPTY_BODY = YES;
				CLANG_WARN_ENUM_CONVERSION = YES;
				CLANG_WARN_INT_CONVERSION = YES;
				CLANG_WARN_OBJC_ROOT_CLASS = YES_ERROR;
				CLANG_WARN_UNREACHABLE_CODE = YES;
				CLANG_WARN__DUPLICATE_METHOD_MATCH = YES;
				"CODE_SIGN_IDENTITY[sdk=iphoneos*]" = "iPhone Developer";
				COPY_PHASE_STRIP = NO;
				DEBUG_INFORMATION_FORMAT = "dwarf-with-dsym";
				ENABLE_STRICT_OBJC_MSGSEND = YES;
				GCC_C_LANGUAGE_STANDARD = gnu99;
				GCC_DYNAMIC_NO_PIC = NO;
				GCC_NO_COMMON_BLOCKS = YES;
				GCC_OPTIMIZATION_LEVEL = 0;
				GCC_PREPROCESSOR_DEFINITIONS = (
					"DEBUG=1",
					"$(inherited)",
				);
				GCC_SYMBOLS_PRIVATE_EXTERN = NO;
				GCC_WARN_64_TO_32_BIT_CONVERSION = YES;
				GCC_WARN_ABOUT_RETURN_TYPE = YES_ERROR;
				GCC_WARN_UNDECLARED_SELECTOR = YES;
				GCC_WARN_UNINITIALIZED_AUTOS = YES_AGGRESSIVE;
				GCC_WARN_UNUSED_FUNCTION = YES;
				GCC_WARN_UNUSED_VARIABLE = YES;
				IPHONEOS_DEPLOYMENT_TARGET = 8.3;
				MTL_ENABLE_DEBUG_INFO = YES;
				ONLY_ACTIVE_ARCH = YES;
				SDKROOT = iphoneos;
			};
			name = Debug;
		};
		348D67651BB23E51008556F9 /* Release */ = {
			isa = XCBuildConfiguration;
			buildSettings = {
				ALWAYS_SEARCH_USER_PATHS = NO;
				CLANG_CXX_LANGUAGE_STANDARD = "gnu++0x";
				CLANG_CXX_LIBRARY = "libc++";
				CLANG_ENABLE_MODULES = YES;
				CLANG_ENABLE_OBJC_ARC = YES;
				CLANG_WARN_BOOL_CONVERSION = YES;
				CLANG_WARN_CONSTANT_CONVERSION = YES;
				CLANG_WARN_DIRECT_OBJC_ISA_USAGE = YES_ERROR;
				CLANG_WARN_EMPTY_BODY = YES;
				CLANG_WARN_ENUM_CONVERSION = YES;
				CLANG_WARN_INT_CONVERSION = YES;
				CLANG_WARN_OBJC_ROOT_CLASS = YES_ERROR;
				CLANG_WARN_UNREACHABLE_CODE = YES;
				CLANG_WARN__DUPLICATE_METHOD_MATCH = YES;
				"CODE_SIGN_IDENTITY[sdk=iphoneos*]" = "iPhone Developer";
				COPY_PHASE_STRIP = NO;
				DEBUG_INFORMATION_FORMAT = "dwarf-with-dsym";
				ENABLE_NS_ASSERTIONS = NO;
				ENABLE_STRICT_OBJC_MSGSEND = YES;
				GCC_C_LANGUAGE_STANDARD = gnu99;
				GCC_NO_COMMON_BLOCKS = YES;
				GCC_WARN_64_TO_32_BIT_CONVERSION = YES;
				GCC_WARN_ABOUT_RETURN_TYPE = YES_ERROR;
				GCC_WARN_UNDECLARED_SELECTOR = YES;
				GCC_WARN_UNINITIALIZED_AUTOS = YES_AGGRESSIVE;
				GCC_WARN_UNUSED_FUNCTION = YES;
				GCC_WARN_UNUSED_VARIABLE = YES;
				IPHONEOS_DEPLOYMENT_TARGET = 8.3;
				MTL_ENABLE_DEBUG_INFO = NO;
				SDKROOT = iphoneos;
				VALIDATE_PRODUCT = YES;
			};
			name = Release;
		};
		348D67671BB23E51008556F9 /* Debug */ = {
			isa = XCBuildConfiguration;
			buildSettings = {
				ASSETCATALOG_COMPILER_APPICON_NAME = AppIcon;
				CLANG_ENABLE_OBJC_ARC = NO;
				INFOPLIST_FILE = Lesson16Request/Info.plist;
				LD_RUNPATH_SEARCH_PATHS = "$(inherited) @executable_path/Frameworks";
				PRODUCT_NAME = "$(TARGET_NAME)";
			};
			name = Debug;
		};
		348D67681BB23E51008556F9 /* Release */ = {
			isa = XCBuildConfiguration;
			buildSettings = {
				ASSETCATALOG_COMPILER_APPICON_NAME = AppIcon;
				CLANG_ENABLE_OBJC_ARC = NO;
				INFOPLIST_FILE = Lesson16Request/Info.plist;
				LD_RUNPATH_SEARCH_PATHS = "$(inherited) @executable_path/Frameworks";
				PRODUCT_NAME = "$(TARGET_NAME)";
			};
			name = Release;
		};
		348D676A1BB23E51008556F9 /* Debug */ = {
			isa = XCBuildConfiguration;
			buildSettings = {
				BUNDLE_LOADER = "$(TEST_HOST)";
				FRAMEWORK_SEARCH_PATHS = (
					"$(SDKROOT)/Developer/Library/Frameworks",
					"$(inherited)",
				);
				GCC_PREPROCESSOR_DEFINITIONS = (
					"DEBUG=1",
					"$(inherited)",
				);
				INFOPLIST_FILE = Lesson16RequestTests/Info.plist;
				LD_RUNPATH_SEARCH_PATHS = "$(inherited) @executable_path/Frameworks @loader_path/Frameworks";
				PRODUCT_NAME = "$(TARGET_NAME)";
				TEST_HOST = "$(BUILT_PRODUCTS_DIR)/Lesson16Request.app/Lesson16Request";
			};
			name = Debug;
		};
		348D676B1BB23E51008556F9 /* Release */ = {
			isa = XCBuildConfiguration;
			buildSettings = {
				BUNDLE_LOADER = "$(TEST_HOST)";
				FRAMEWORK_SEARCH_PATHS = (
					"$(SDKROOT)/Developer/Library/Frameworks",
					"$(inherited)",
				);
				INFOPLIST_FILE = Lesson16RequestTests/Info.plist;
				LD_RUNPATH_SEARCH_PATHS = "$(inherited) @executable_path/Frameworks @loader_path/Frameworks";
				PRODUCT_NAME = "$(TARGET_NAME)";
				TEST_HOST = "$(BUILT_PRODUCTS_DIR)/Lesson16Request.app/Lesson16Request";
			};
			name = Release;
		};
/* End XCBuildConfiguration section */

/* Begin XCConfigurationList section */
		348D67441BB23E51008556F9 /* Build configuration list for PBXProject "Lesson16Request" */ = {
			isa = XCConfigurationList;
			buildConfigurations = (
				348D67641BB23E51008556F9 /* Debug */,
				348D67651BB23E51008556F9 /* Release */,
			);
			defaultConfigurationIsVisible = 0;
			defaultConfigurationName = Release;
		};
		348D67661BB23E51008556F9 /* Build configuration list for PBXNativeTarget "Lesson16Request" */ = {
			isa = XCConfigurationList;
			buildConfigurations = (
				348D67671BB23E51008556F9 /* Debug */,
				348D67681BB23E51008556F9 /* Release */,
			);
			defaultConfigurationIsVisible = 0;
			defaultConfigurationName = Release;
		};
		348D67691BB23E51008556F9 /* Build configuration list for PBXNativeTarget "Lesson16RequestTests" */ = {
			isa = XCConfigurationList;
			buildConfigurations = (
				348D676A1BB23E51008556F9 /* Debug */,
				348D676B1BB23E51008556F9 /* Release */,
			);
			defaultConfigurationIsVisible = 0;
			defaultConfigurationName = Release;
		};
/* End XCConfigurationList section */
	};
	rootObject = 348D67411BB23E51008556F9 /* Project object */;
}
